
Microsoft Visual Studio Solution File, Format Version 12.00
# Visual Studio Version 17
VisualStudioVersion = 17.8.34525.116
MinimumVisualStudioVersion = 10.0.40219.1
Project("{9A19103F-16F7-4668-BE54-9A1E7A4F7556}") = "TimeHub_Api", "TimeHub_Api\TimeHub_Api.csproj", "{179D56F4-EF42-439D-A7EA-7D8B267D57AD}"
EndProject
Project("{FAE04EC0-301F-11D3-BF4B-00C04F79EFBC}") = "TimeHub_BAT", "TimeHub_BAT\TimeHub_BAT.csproj", "{91BC1982-F07D-41DB-8170-62FF28A00954}"
EndProject
Project("{FAE04EC0-301F-11D3-BF4B-00C04F79EFBC}") = "TimeHub_DAT", "TimeHub_DAT\TimeHub_DAT.csproj", "{B7612E6F-A741-4892-AF2E-8BB5211B84A2}"
EndProject
Project("{FAE04EC0-301F-11D3-BF4B-00C04F79EFBC}") = "TimeHub_Modules", "TimeHub_Modules\TimeHub_Modules.csproj", "{794F6C67-A8DB-401C-8E3A-C97A9C838418}"
EndProject
Global
	GlobalSection(SolutionConfigurationPlatforms) = preSolution
		Debug|Any CPU = Debug|Any CPU
		Release|Any CPU = Release|Any CPU
	EndGlobalSection
	GlobalSection(ProjectConfigurationPlatforms) = postSolution
		{179D56F4-EF42-439D-A7EA-7D8B267D57AD}.Debug|Any CPU.ActiveCfg = Debug|Any CPU
		{179D56F4-EF42-439D-A7EA-7D8B267D57AD}.Debug|Any CPU.Build.0 = Debug|Any CPU
		{179D56F4-EF42-439D-A7EA-7D8B267D57AD}.Release|Any CPU.ActiveCfg = Release|Any CPU
		{179D56F4-EF42-439D-A7EA-7D8B267D57AD}.Release|Any CPU.Build.0 = Release|Any CPU
		{91BC1982-F07D-41DB-8170-62FF28A00954}.Debug|Any CPU.ActiveCfg = Debug|Any CPU
		{91BC1982-F07D-41DB-8170-62FF28A00954}.Debug|Any CPU.Build.0 = Debug|Any CPU
		{91BC1982-F07D-41DB-8170-62FF28A00954}.Release|Any CPU.ActiveCfg = Release|Any CPU
		{91BC1982-F07D-41DB-8170-62FF28A00954}.Release|Any CPU.Build.0 = Release|Any CPU
		{B7612E6F-A741-4892-AF2E-8BB5211B84A2}.Debug|Any CPU.ActiveCfg = Debug|Any CPU
		{B7612E6F-A741-4892-AF2E-8BB5211B84A2}.Debug|Any CPU.Build.0 = Debug|Any CPU
		{B7612E6F-A741-4892-AF2E-8BB5211B84A2}.Release|Any CPU.ActiveCfg = Release|Any CPU
		{B7612E6F-A741-4892-AF2E-8BB5211B84A2}.Release|Any CPU.Build.0 = Release|Any CPU
		{794F6C67-A8DB-401C-8E3A-C97A9C838418}.Debug|Any CPU.ActiveCfg = Debug|Any CPU
		{794F6C67-A8DB-401C-8E3A-C97A9C838418}.Debug|Any CPU.Build.0 = Debug|Any CPU
		{794F6C67-A8DB-401C-8E3A-C97A9C838418}.Release|Any CPU.ActiveCfg = Release|Any CPU
		{794F6C67-A8DB-401C-8E3A-C97A9C838418}.Release|Any CPU.Build.0 = Release|Any CPU
	EndGlobalSection
	GlobalSection(SolutionProperties) = preSolution
		HideSolutionNode = FALSE
	EndGlobalSection
	GlobalSection(ExtensibilityGlobals) = postSolution
		SolutionGuid = {FBD4B982-4A35-4689-A062-D994E5790F15}
	EndGlobalSection
EndGlobal
